// !$*UTF8*$!
{
	archiveVersion = 1;
	classes = {
	};
	objectVersion = 77;
	objects = {

/* Begin PBXContainerItemProxy section */
		B45CBDBD2D4537BC003FCB88 /* PBXContainerItemProxy */ = {
			isa = PBXContainerItemProxy;
			containerPortal = B45CBDA02D4537BA003FCB88 /* Project object */;
			proxyType = 1;
			remoteGlobalIDString = B45CBDA72D4537BA003FCB88;
			remoteInfo = "List Application";
		};
		B45CBDC72D4537BC003FCB88 /* PBXContainerItemProxy */ = {
			isa = PBXContainerItemProxy;
			containerPortal = B45CBDA02D4537BA003FCB88 /* Project object */;
			proxyType = 1;
			remoteGlobalIDString = B45CBDA72D4537BA003FCB88;
			remoteInfo = "List Application";
		};
/* End PBXContainerItemProxy section */

/* Begin PBXFileReference section */
		B45CBDA82D4537BA003FCB88 /* List Application.app */ = {isa = PBXFileReference; explicitFileType = wrapper.application; includeInIndex = 0; path = "List Application.app"; sourceTree = BUILT_PRODUCTS_DIR; };
		B45CBDBC2D4537BC003FCB88 /* List ApplicationTests.xctest */ = {isa = PBXFileReference; explicitFileType = wrapper.cfbundle; includeInIndex = 0; path = "List ApplicationTests.xctest"; sourceTree = BUILT_PRODUCTS_DIR; };
		B45CBDC62D4537BC003FCB88 /* List ApplicationUITests.xctest */ = {isa = PBXFileReference; explicitFileType = wrapper.cfbundle; includeInIndex = 0; path = "List ApplicationUITests.xctest"; sourceTree = BUILT_PRODUCTS_DIR; };
/* End PBXFileReference section */

/* Begin PBXFileSystemSynchronizedBuildFileExceptionSet section */
		B45CBDCE2D4537BC003FCB88 /* Exceptions for "List Application" folder in "List Application" target */ = {
			isa = PBXFileSystemSynchronizedBuildFileExceptionSet;
			membershipExceptions = (
				Info.plist,
			);
			target = B45CBDA72D4537BA003FCB88 /* List Application */;
		};
/* End PBXFileSystemSynchronizedBuildFileExceptionSet section */

/* Begin PBXFileSystemSynchronizedRootGroup section */
		B401DD622D46601C00608E50 /* Details */ = {
			isa = PBXFileSystemSynchronizedRootGroup;
			path = Details;
			sourceTree = "<group>";
		};
		B45CBDAA2D4537BA003FCB88 /* List Application */ = {
			isa = PBXFileSystemSynchronizedRootGroup;
			exceptions = (
				B45CBDCE2D4537BC003FCB88 /* Exceptions for "List Application" folder in "List Application" target */,
			);
			path = "List Application";
			sourceTree = "<group>";
		};
		B45CBDBF2D4537BC003FCB88 /* List ApplicationTests */ = {
			isa = PBXFileSystemSynchronizedRootGroup;
			path = "List ApplicationTests";
			sourceTree = "<group>";
		};
		B45CBDC92D4537BC003FCB88 /* List ApplicationUITests */ = {
			isa = PBXFileSystemSynchronizedRootGroup;
			path = "List ApplicationUITests";
			sourceTree = "<group>";
		};
/* End PBXFileSystemSynchronizedRootGroup section */

/* Begin PBXFrameworksBuildPhase section */
		B45CBDA52D4537BA003FCB88 /* Frameworks */ = {
			isa = PBXFrameworksBuildPhase;
			buildActionMask = 2147483647;
			files = (
			);
			runOnlyForDeploymentPostprocessing = 0;
		};
		B45CBDB92D4537BC003FCB88 /* Frameworks */ = {
			isa = PBXFrameworksBuildPhase;
			buildActionMask = 2147483647;
			files = (
			);
			runOnlyForDeploymentPostprocessing = 0;
		};
		B45CBDC32D4537BC003FCB88 /* Frameworks */ = {
			isa = PBXFrameworksBuildPhase;
			buildActionMask = 2147483647;
			files = (
			);
			runOnlyForDeploymentPostprocessing = 0;
		};
/* End PBXFrameworksBuildPhase section */

/* Begin PBXGroup section */
		B45CBD9F2D4537BA003FCB88 = {
			isa = PBXGroup;
			children = (
				B401DD622D46601C00608E50 /* Details */,
				B45CBDAA2D4537BA003FCB88 /* List Application */,
				B45CBDBF2D4537BC003FCB88 /* List ApplicationTests */,
				B45CBDC92D4537BC003FCB88 /* List ApplicationUITests */,
				B45CBDA92D4537BA003FCB88 /* Products */,
			);
			sourceTree = "<group>";
		};
		B45CBDA92D4537BA003FCB88 /* Products */ = {
			isa = PBXGroup;
			children = (
				B45CBDA82D4537BA003FCB88 /* List Application.app */,
				B45CBDBC2D4537BC003FCB88 /* List ApplicationTests.xctest */,
				B45CBDC62D4537BC003FCB88 /* List ApplicationUITests.xctest */,
			);
			name = Products;
			sourceTree = "<group>";
		};
/* End PBXGroup section */

/* Begin PBXNativeTarget section */
		B45CBDA72D4537BA003FCB88 /* List Application */ = {
			isa = PBXNativeTarget;
			buildConfigurationList = B45CBDCF2D4537BC003FCB88 /* Build configuration list for PBXNativeTarget "List Application" */;
			buildPhases = (
				B45CBDA42D4537BA003FCB88 /* Sources */,
				B45CBDA52D4537BA003FCB88 /* Frameworks */,
				B45CBDA62D4537BA003FCB88 /* Resources */,
			);
			buildRules = (
			);
			dependencies = (
			);
			fileSystemSynchronizedGroups = (
				B401DD622D46601C00608E50 /* Details */,
				B45CBDAA2D4537BA003FCB88 /* List Application */,
			);
			name = "List Application";
			packageProductDependencies = (
			);
			productName = "List Application";
			productReference = B45CBDA82D4537BA003FCB88 /* List Application.app */;
			productType = "com.apple.product-type.application";
		};
		B45CBDBB2D4537BC003FCB88 /* List ApplicationTests */ = {
			isa = PBXNativeTarget;
			buildConfigurationList = B45CBDD42D4537BC003FCB88 /* Build configuration list for PBXNativeTarget "List ApplicationTests" */;
			buildPhases = (
				B45CBDB82D4537BC003FCB88 /* Sources */,
				B45CBDB92D4537BC003FCB88 /* Frameworks */,
				B45CBDBA2D4537BC003FCB88 /* Resources */,
			);
			buildRules = (
			);
			dependencies = (
				B45CBDBE2D4537BC003FCB88 /* PBXTargetDependency */,
			);
			fileSystemSynchronizedGroups = (
				B45CBDBF2D4537BC003FCB88 /* List ApplicationTests */,
			);
			name = "List ApplicationTests";
			packageProductDependencies = (
			);
			productName = "List ApplicationTests";
			productReference = B45CBDBC2D4537BC003FCB88 /* List ApplicationTests.xctest */;
			productType = "com.apple.product-type.bundle.unit-test";
		};
		B45CBDC52D4537BC003FCB88 /* List ApplicationUITests */ = {
			isa = PBXNativeTarget;
			buildConfigurationList = B45CBDD72D4537BC003FCB88 /* Build configuration list for PBXNativeTarget "List ApplicationUITests" */;
			buildPhases = (
				B45CBDC22D4537BC003FCB88 /* Sources */,
				B45CBDC32D4537BC003FCB88 /* Frameworks */,
				B45CBDC42D4537BC003FCB88 /* Resources */,
			);
			buildRules = (
			);
			dependencies = (
				B45CBDC82D4537BC003FCB88 /* PBXTargetDependency */,
			);
			fileSystemSynchronizedGroups = (
				B45CBDC92D4537BC003FCB88 /* List ApplicationUITests */,
			);
			name = "List ApplicationUITests";
			packageProductDependencies = (
			);
			productName = "List ApplicationUITests";
			productReference = B45CBDC62D4537BC003FCB88 /* List ApplicationUITests.xctest */;
			productType = "com.apple.product-type.bundle.ui-testing";
		};
/* End PBXNativeTarget section */

/* Begin PBXProject section */
		B45CBDA02D4537BA003FCB88 /* Project object */ = {
			isa = PBXProject;
			attributes = {
				BuildIndependentTargetsInParallel = 1;
				LastSwiftUpdateCheck = 1620;
				LastUpgradeCheck = 1620;
				TargetAttributes = {
					B45CBDA72D4537BA003FCB88 = {
						CreatedOnToolsVersion = 16.2;
					};
					B45CBDBB2D4537BC003FCB88 = {
						CreatedOnToolsVersion = 16.2;
						TestTargetID = B45CBDA72D4537BA003FCB88;
					};
					B45CBDC52D4537BC003FCB88 = {
						CreatedOnToolsVersion = 16.2;
						TestTargetID = B45CBDA72D4537BA003FCB88;
					};
				};
			};
			buildConfigurationList = B45CBDA32D4537BA003FCB88 /* Build configuration list for PBXProject "List Application" */;
			developmentRegion = en;
			hasScannedForEncodings = 0;
			knownRegions = (
				en,
				Base,
			);
			mainGroup = B45CBD9F2D4537BA003FCB88;
			minimizedProjectReferenceProxies = 1;
			preferredProjectObjectVersion = 77;
			productRefGroup = B45CBDA92D4537BA003FCB88 /* Products */;
			projectDirPath = "";
			projectRoot = "";
			targets = (
				B45CBDA72D4537BA003FCB88 /* List Application */,
				B45CBDBB2D4537BC003FCB88 /* List ApplicationTests */,
				B45CBDC52D4537BC003FCB88 /* List ApplicationUITests */,
			);
		};
/* End PBXProject section */

/* Begin PBXResourcesBuildPhase section */
		B45CBDA62D4537BA003FCB88 /* Resources */ = {
			isa = PBXResourcesBuildPhase;
			buildActionMask = 2147483647;
			files = (
			);
			runOnlyForDeploymentPostprocessing = 0;
		};
		B45CBDBA2D4537BC003FCB88 /* Resources */ = {
			isa = PBXResourcesBuildPhase;
			buildActionMask = 2147483647;
			files = (
			);
			runOnlyForDeploymentPostprocessing = 0;
		};
		B45CBDC42D4537BC003FCB88 /* Resources */ = {
			isa = PBXResourcesBuildPhase;
			buildActionMask = 2147483647;
			files = (
			);
			runOnlyForDeploymentPostprocessing = 0;
		};
/* End PBXResourcesBuildPhase section */

/* Begin PBXSourcesBuildPhase section */
		B45CBDA42D4537BA003FCB88 /* Sources */ = {
			isa = PBXSourcesBuildPhase;
			buildActionMask = 2147483647;
			files = (
			);
			runOnlyForDeploymentPostprocessing = 0;
		};
		B45CBDB82D4537BC003FCB88 /* Sources */ = {
			isa = PBXSourcesBuildPhase;
			buildActionMask = 2147483647;
			files = (
			);
			runOnlyForDeploymentPostprocessing = 0;
		};
		B45CBDC22D4537BC003FCB88 /* Sources */ = {
			isa = PBXSourcesBuildPhase;
			buildActionMask = 2147483647;
			files = (
			);
			runOnlyForDeploymentPostprocessing = 0;
		};
/* End PBXSourcesBuildPhase section */

/* Begin PBXTargetDependency section */
		B45CBDBE2D4537BC003FCB88 /* PBXTargetDependency */ = {
			isa = PBXTargetDependency;
			target = B45CBDA72D4537BA003FCB88 /* List Application */;
			targetProxy = B45CBDBD2D4537BC003FCB88 /* PBXContainerItemProxy */;
		};
		B45CBDC82D4537BC003FCB88 /* PBXTargetDependency */ = {
			isa = PBXTargetDependency;
			target = B45CBDA72D4537BA003FCB88 /* List Application */;
			targetProxy = B45CBDC72D4537BC003FCB88 /* PBXContainerItemProxy */;
		};
/* End PBXTargetDependency section */

/* Begin XCBuildConfiguration section */
		B45CBDD02D4537BC003FCB88 /* Debug */ = {
			isa = XCBuildConfiguration;
			buildSettings = {
				ASSETCATALOG_COMPILER_APPICON_NAME = AppIcon;
				ASSETCATALOG_COMPILER_GLOBAL_ACCENT_COLOR_NAME = AccentColor;
				CODE_SIGN_ENTITLEMENTS = "List Application/List_Application.entitlements";
				CODE_SIGN_STYLE = Manual;
				CURRENT_PROJECT_VERSION = 1;
				DEVELOPMENT_ASSET_PATHS = "\"List Application/Preview Content\"";
				DEVELOPMENT_TEAM = "";
				ENABLE_PREVIEWS = YES;
				GENERATE_INFOPLIST_FILE = YES;
				INFOPLIST_FILE = "List Application/Info.plist";
				INFOPLIST_KEY_UIApplicationSceneManifest_Generation = YES;
				INFOPLIST_KEY_UIApplicationSupportsIndirectInputEvents = YES;
				INFOPLIST_KEY_UILaunchScreen_Generation = YES;
				INFOPLIST_KEY_UIStatusBarStyle = UIStatusBarStyleDarkContent;
				INFOPLIST_KEY_UISupportedInterfaceOrientations_iPad = "UIInterfaceOrientationPortrait UIInterfaceOrientationPortraitUpsideDown UIInterfaceOrientationLandscapeLeft UIInterfaceOrientationLandscapeRight";
				INFOPLIST_KEY_UISupportedInterfaceOrientations_iPhone = "UIInterfaceOrientationPortrait UIInterfaceOrientationLandscapeLeft UIInterfaceOrientationLandscapeRight";
				IPHONEOS_DEPLOYMENT_TARGET = 17.6;
				LD_RUNPATH_SEARCH_PATHS = (
					"$(inherited)",
					"@executable_path/Frameworks",
				);
				MARKETING_VERSION = 1.0;
				PRODUCT_BUNDLE_IDENTIFIER = "vanshiksanwaria.List-Application";
				PRODUCT_NAME = "$(TARGET_NAME)";
				PROVISIONING_PROFILE_SPECIFIER = "";
				SWIFT_EMIT_LOC_STRINGS = YES;
				SWIFT_VERSION = 5.0;
				TARGETED_DEVICE_FAMILY = "1,2";
			};
			name = Debug;
		};
		B45CBDD12D4537BC003FCB88 /* Release */ = {
			isa = XCBuildConfiguration;
			buildSettings = {
				ASSETCATALOG_COMPILER_APPICON_NAME = AppIcon;
				ASSETCATALOG_COMPILER_GLOBAL_ACCENT_COLOR_NAME = AccentColor;
				CODE_SIGN_ENTITLEMENTS = "List Application/List_Application.entitlements";
				CODE_SIGN_STYLE = Manual;
				CURRENT_PROJECT_VERSION = 1;
				DEVELOPMENT_ASSET_PATHS = "\"List Application/Preview Content\"";
				DEVELOPMENT_TEAM = "";
				ENABLE_PREVIEWS = YES;
				GENERATE_INFOPLIST_FILE = YES;
				INFOPLIST_FILE = "List Application/Info.plist";
				INFOPLIST_KEY_UIApplicationSceneManifest_Generation = YES;
				INFOPLIST_KEY_UIApplicationSupportsIndirectInputEvents = YES;
				INFOPLIST_KEY_UILaunchScreen_Generation = YES;
				INFOPLIST_KEY_UIStatusBarStyle = UIStatusBarStyleDarkContent;
				INFOPLIST_KEY_UISupportedInterfaceOrientations_iPad = "UIInterfaceOrientationPortrait UIInterfaceOrientationPortraitUpsideDown UIInterfaceOrientationLandscapeLeft UIInterfaceOrientationLandscapeRight";
				INFOPLIST_KEY_UISupportedInterfaceOrientations_iPhone = "UIInterfaceOrientationPortrait UIInterfaceOrientationLandscapeLeft UIInterfaceOrientationLandscapeRight";
				IPHONEOS_DEPLOYMENT_TARGET = 17.6;
				LD_RUNPATH_SEARCH_PATHS = (
					"$(inherited)",
					"@executable_path/Frameworks",
				);
				MARKETING_VERSION = 1.0;
				PRODUCT_BUNDLE_IDENTIFIER = "vanshiksanwaria.List-Application";
				PRODUCT_NAME = "$(TARGET_NAME)";
				PROVISIONING_PROFILE_SPECIFIER = "";
				SWIFT_EMIT_LOC_STRINGS = YES;
				SWIFT_VERSION = 5.0;
				TARGETED_DEVICE_FAMILY = "1,2";
			};
			name = Release;
		};
		B45CBDD22D4537BC003FCB88 /* Debug */ = {
			isa = XCBuildConfiguration;
			buildSettings = {
				ALWAYS_SEARCH_USER_PATHS = NO;
				ASSETCATALOG_COMPILER_GENERATE_SWIFT_ASSET_SYMBOL_EXTENSIONS = YES;
				CLANG_ANALYZER_NONNULL = YES;
				CLANG_ANALYZER_NUMBER_OBJECT_CONVERSION = YES_AGGRESSIVE;
				CLANG_CXX_LANGUAGE_STANDARD = "gnu++20";
				CLANG_ENABLE_MODULES = YES;
				CLANG_ENABLE_OBJC_ARC = YES;
				CLANG_ENABLE_OBJC_WEAK = YES;
				CLANG_WARN_BLOCK_CAPTURE_AUTORELEASING = YES;
				CLANG_WARN_BOOL_CONVERSION = YES;
				CLANG_WARN_COMMA = YES;
				CLANG_WARN_CONSTANT_CONVERSION = YES;
				CLANG_WARN_DEPRECATED_OBJC_IMPLEMENTATIONS = YES;
				CLANG_WARN_DIRECT_OBJC_ISA_USAGE = YES_ERROR;
				CLANG_WARN_DOCUMENTATION_COMMENTS = YES;
				CLANG_WARN_EMPTY_BODY = YES;
				CLANG_WARN_ENUM_CONVERSION = YES;
				CLANG_WARN_INFINITE_RECURSION = YES;
				CLANG_WARN_INT_CONVERSION = YES;
				CLANG_WARN_NON_LITERAL_NULL_CONVERSION = YES;
				CLANG_WARN_OBJC_IMPLICIT_RETAIN_SELF = YES;
				CLANG_WARN_OBJC_LITERAL_CONVERSION = YES;
				CLANG_WARN_OBJC_ROOT_CLASS = YES_ERROR;
				CLANG_WARN_QUOTED_INCLUDE_IN_FRAMEWORK_HEADER = YES;
				CLANG_WARN_RANGE_LOOP_ANALYSIS = YES;
				CLANG_WARN_STRICT_PROTOTYPES = YES;
				CLANG_WARN_SUSPICIOUS_MOVE = YES;
				CLANG_WARN_UNGUARDED_AVAILABILITY = YES_AGGRESSIVE;
				CLANG_WARN_UNREACHABLE_CODE = YES;
				CLANG_WARN__DUPLICATE_METHOD_MATCH = YES;
				COPY_PHASE_STRIP = NO;
				DEBUG_INFORMATION_FORMAT = dwarf;
				ENABLE_STRICT_OBJC_MSGSEND = YES;
				ENABLE_TESTABILITY = YES;
				ENABLE_USER_SCRIPT_SANDBOXING = YES;
				GCC_C_LANGUAGE_STANDARD = gnu17;
				GCC_DYNAMIC_NO_PIC = NO;
				GCC_NO_COMMON_BLOCKS = YES;
				GCC_OPTIMIZATION_LEVEL = 0;
				GCC_PREPROCESSOR_DEFINITIONS = (
					"DEBUG=1",
					"$(inherited)",
				);
				GCC_WARN_64_TO_32_BIT_CONVERSION = YES;
				GCC_WARN_ABOUT_RETURN_TYPE = YES_ERROR;
				GCC_WARN_UNDECLARED_SELECTOR = YES;
				GCC_WARN_UNINITIALIZED_AUTOS = YES_AGGRESSIVE;
				GCC_WARN_UNUSED_FUNCTION = YES;
				GCC_WARN_UNUSED_VARIABLE = YES;
				IPHONEOS_DEPLOYMENT_TARGET = 18.2;
				LOCALIZATION_PREFERS_STRING_CATALOGS = YES;
				MTL_ENABLE_DEBUG_INFO = INCLUDE_SOURCE;
				MTL_FAST_MATH = YES;
				ONLY_ACTIVE_ARCH = YES;
				SDKROOT = iphoneos;
				SWIFT_ACTIVE_COMPILATION_CONDITIONS = "DEBUG $(inherited)";
				SWIFT_OPTIMIZATION_LEVEL = "-Onone";
			};
			name = Debug;
		};
		B45CBDD32D4537BC003FCB88 /* Release */ = {
			isa = XCBuildConfiguration;
			buildSettings = {
				ALWAYS_SEARCH_USER_PATHS = NO;
				ASSETCATALOG_COMPILER_GENERATE_SWIFT_ASSET_SYMBOL_EXTENSIONS = YES;
				CLANG_ANALYZER_NONNULL = YES;
				CLANG_ANALYZER_NUMBER_OBJECT_CONVERSION = YES_AGGRESSIVE;
				CLANG_CXX_LANGUAGE_STANDARD = "gnu++20";
				CLANG_ENABLE_MODULES = YES;
				CLANG_ENABLE_OBJC_ARC = YES;
				CLANG_ENABLE_OBJC_WEAK = YES;
				CLANG_WARN_BLOCK_CAPTURE_AUTORELEASING = YES;
				CLANG_WARN_BOOL_CONVERSION = YES;
				CLANG_WARN_COMMA = YES;
				CLANG_WARN_CONSTANT_CONVERSION = YES;
				CLANG_WARN_DEPRECATED_OBJC_IMPLEMENTATIONS = YES;
				CLANG_WARN_DIRECT_OBJC_ISA_USAGE = YES_ERROR;
				CLANG_WARN_DOCUMENTATION_COMMENTS = YES;
				CLANG_WARN_EMPTY_BODY = YES;
				CLANG_WARN_ENUM_CONVERSION = YES;
				CLANG_WARN_INFINITE_RECURSION = YES;
				CLANG_WARN_INT_CONVERSION = YES;
				CLANG_WARN_NON_LITERAL_NULL_CONVERSION = YES;
				CLANG_WARN_OBJC_IMPLICIT_RETAIN_SELF = YES;
				CLANG_WARN_OBJC_LITERAL_CONVERSION = YES;
				CLANG_WARN_OBJC_ROOT_CLASS = YES_ERROR;
				CLANG_WARN_QUOTED_INCLUDE_IN_FRAMEWORK_HEADER = YES;
				CLANG_WARN_RANGE_LOOP_ANALYSIS = YES;
				CLANG_WARN_STRICT_PROTOTYPES = YES;
				CLANG_WARN_SUSPICIOUS_MOVE = YES;
				CLANG_WARN_UNGUARDED_AVAILABILITY = YES_AGGRESSIVE;
				CLANG_WARN_UNREACHABLE_CODE = YES;
				CLANG_WARN__DUPLICATE_METHOD_MATCH = YES;
				COPY_PHASE_STRIP = NO;
				DEBUG_INFORMATION_FORMAT = "dwarf-with-dsym";
				ENABLE_NS_ASSERTIONS = NO;
				ENABLE_STRICT_OBJC_MSGSEND = YES;
				ENABLE_USER_SCRIPT_SANDBOXING = YES;
				GCC_C_LANGUAGE_STANDARD = gnu17;
				GCC_NO_COMMON_BLOCKS = YES;
				GCC_WARN_64_TO_32_BIT_CONVERSION = YES;
				GCC_WARN_ABOUT_RETURN_TYPE = YES_ERROR;
				GCC_WARN_UNDECLARED_SELECTOR = YES;
				GCC_WARN_UNINITIALIZED_AUTOS = YES_AGGRESSIVE;
				GCC_WARN_UNUSED_FUNCTION = YES;
				GCC_WARN_UNUSED_VARIABLE = YES;
				IPHONEOS_DEPLOYMENT_TARGET = 18.2;
				LOCALIZATION_PREFERS_STRING_CATALOGS = YES;
				MTL_ENABLE_DEBUG_INFO = NO;
				MTL_FAST_MATH = YES;
				SDKROOT = iphoneos;
				SWIFT_COMPILATION_MODE = wholemodule;
				VALIDATE_PRODUCT = YES;
			};
			name = Release;
		};
		B45CBDD52D4537BC003FCB88 /* Debug */ = {
			isa = XCBuildConfiguration;
			buildSettings = {
				BUNDLE_LOADER = "$(TEST_HOST)";
				CODE_SIGN_STYLE = Automatic;
				CURRENT_PROJECT_VERSION = 1;
				GENERATE_INFOPLIST_FILE = YES;
				IPHONEOS_DEPLOYMENT_TARGET = 15.6;
				MARKETING_VERSION = 1.0;
				PRODUCT_BUNDLE_IDENTIFIER = "vanshiksanwaria.List-ApplicationTests";
				PRODUCT_NAME = "$(TARGET_NAME)";
				REGISTER_APP_GROUPS = NO;
				SUPPORTED_PLATFORMS = "$(AVAILABLE_PLATFORMS)";
				SUPPORTS_MACCATALYST = YES;
				SUPPORTS_MAC_DESIGNED_FOR_IPHONE_IPAD = YES;
				SUPPORTS_XR_DESIGNED_FOR_IPHONE_IPAD = YES;
				SWIFT_EMIT_LOC_STRINGS = NO;
				SWIFT_VERSION = 5.0;
				TARGETED_DEVICE_FAMILY = "1,2,3,4,6,7";
				TEST_HOST = "$(BUILT_PRODUCTS_DIR)/List Application.app/$(BUNDLE_EXECUTABLE_FOLDER_PATH)/List Application";
			};
			name = Debug;
		};
		B45CBDD62D4537BC003FCB88 /* Release */ = {
			isa = XCBuildConfiguration;
			buildSettings = {
				BUNDLE_LOADER = "$(TEST_HOST)";
				CODE_SIGN_STYLE = Automatic;
				CURRENT_PROJECT_VERSION = 1;
				GENERATE_INFOPLIST_FILE = YES;
				IPHONEOS_DEPLOYMENT_TARGET = 15.6;
				MARKETING_VERSION = 1.0;
				PRODUCT_BUNDLE_IDENTIFIER = "vanshiksanwaria.List-ApplicationTests";
				PRODUCT_NAME = "$(TARGET_NAME)";
				REGISTER_APP_GROUPS = NO;
				SUPPORTED_PLATFORMS = "$(AVAILABLE_PLATFORMS)";
				SUPPORTS_MACCATALYST = YES;
				SUPPORTS_MAC_DESIGNED_FOR_IPHONE_IPAD = YES;
				SUPPORTS_XR_DESIGNED_FOR_IPHONE_IPAD = YES;
				SWIFT_EMIT_LOC_STRINGS = NO;
				SWIFT_VERSION = 5.0;
				TARGETED_DEVICE_FAMILY = "1,2,3,4,6,7";
				TEST_HOST = "$(BUILT_PRODUCTS_DIR)/List Application.app/$(BUNDLE_EXECUTABLE_FOLDER_PATH)/List Application";
			};
			name = Release;
		};
		B45CBDD82D4537BC003FCB88 /* Debug */ = {
			isa = XCBuildConfiguration;
			buildSettings = {
				CODE_SIGN_STYLE = Automatic;
				CURRENT_PROJECT_VERSION = 1;
				GENERATE_INFOPLIST_FILE = YES;
				MARKETING_VERSION = 1.0;
				PRODUCT_BUNDLE_IDENTIFIER = "vanshiksanwaria.List-ApplicationUITests";
				PRODUCT_NAME = "$(TARGET_NAME)";
				SWIFT_EMIT_LOC_STRINGS = NO;
				SWIFT_VERSION = 5.0;
				TARGETED_DEVICE_FAMILY = "1,2";
				TEST_TARGET_NAME = "List Application";
			};
			name = Debug;
		};
		B45CBDD92D4537BC003FCB88 /* Release */ = {
			isa = XCBuildConfiguration;
			buildSettings = {
				CODE_SIGN_STYLE = Automatic;
				CURRENT_PROJECT_VERSION = 1;
				GENERATE_INFOPLIST_FILE = YES;
				MARKETING_VERSION = 1.0;
				PRODUCT_BUNDLE_IDENTIFIER = "vanshiksanwaria.List-ApplicationUITests";
				PRODUCT_NAME = "$(TARGET_NAME)";
				SWIFT_EMIT_LOC_STRINGS = NO;
				SWIFT_VERSION = 5.0;
				TARGETED_DEVICE_FAMILY = "1,2";
				TEST_TARGET_NAME = "List Application";
			};
			name = Release;
		};
/* End XCBuildConfiguration section */

/* Begin XCConfigurationList section */
		B45CBDA32D4537BA003FCB88 /* Build configuration list for PBXProject "List Application" */ = {
			isa = XCConfigurationList;
			buildConfigurations = (
				B45CBDD22D4537BC003FCB88 /* Debug */,
				B45CBDD32D4537BC003FCB88 /* Release */,
			);
			defaultConfigurationIsVisible = 0;
			defaultConfigurationName = Release;
		};
		B45CBDCF2D4537BC003FCB88 /* Build configuration list for PBXNativeTarget "List Application" */ = {
			isa = XCConfigurationList;
			buildConfigurations = (
				B45CBDD02D4537BC003FCB88 /* Debug */,
				B45CBDD12D4537BC003FCB88 /* Release */,
			);
			defaultConfigurationIsVisible = 0;
			defaultConfigurationName = Release;
		};
		B45CBDD42D4537BC003FCB88 /* Build configuration list for PBXNativeTarget "List ApplicationTests" */ = {
			isa = XCConfigurationList;
			buildConfigurations = (
				B45CBDD52D4537BC003FCB88 /* Debug */,
				B45CBDD62D4537BC003FCB88 /* Release */,
			);
			defaultConfigurationIsVisible = 0;
			defaultConfigurationName = Release;
		};
		B45CBDD72D4537BC003FCB88 /* Build configuration list for PBXNativeTarget "List ApplicationUITests" */ = {
			isa = XCConfigurationList;
			buildConfigurations = (
				B45CBDD82D4537BC003FCB88 /* Debug */,
				B45CBDD92D4537BC003FCB88 /* Release */,
			);
			defaultConfigurationIsVisible = 0;
			defaultConfigurationName = Release;
		};
/* End XCConfigurationList section */
	};
	rootObject = B45CBDA02D4537BA003FCB88 /* Project object */;
}
